github.com/cenkalti/backoff/v4 v4.3.0 h1:MyRJ/UdXutAwSAT+s3wNd7MfTIcy71VQueUuFK343L8=
github.com/cenkalti/backoff/v4 v4.3.0/go.mod h1:Y3VNntkOUPxTVeUxJ/G5vcM//AlwfmyYozVcomhLiZE=
github.com/cockroachdb/apd v1.1.0 h1:3LFP3629v+1aKXU5Q37mxmRxX/pIu1nijXydLShEq5I=
github.com/cockroachdb/apd v1.1.0/go.mod h1:8Sl8LxpKi29FqWXR16WEFZRNSz3SoPzUzeMeY4+DwBQ=
github.com/davecgh/go-spew v1.1.0/go.mod h1:J7Y8YcW2NihsgmVo/mv3lAwl/skON4iLHjSsI+c5H38=
github.com/davecgh/go-spew v1.1.1 h1:vj9j/u1bqnvCEfJOwUhtlOARqs3+rkHYY13jYWTU97c=
github.com/davecgh/go-spew v1.1.1/go.mod h1:J7Y8YcW2NihsgmVo/mv3lAwl/skON4iLHjSsI+c5H38=
github.com/felixge/httpsnoop v1.0.4 h1:NFTV2Zj1bL4mc9sqWACXbQFVBBg2W3GPvqp8/ESS2Wg=
github.com/felixge/httpsnoop v1.0.4/go.mod h1:m8KPJKqk1gH5J9DgRY2ASl2lWCfGKXixSwevea8zH2U=
github.com/go-logr/logr v1.2.2/go.mod h1:jdQByPbusPIv2/zmleS9BjJVeZ6kBagPoEUsqbVz/1A=
github.com/go-logr/logr v1.4.2 h1:6pFjapn8bFcIbiKo3XT4j/BhANplGihG6tvd+8rYgrY=
github.com/go-logr/logr v1.4.2/go.mod h1:9T104GzyrTigFIr8wt5mBrctHMim0Nb2HLGrmQ40KvY=
github.com/go-logr/stdr v1.2.2 h1:hSWxHoqTgW2S2qGc0LTAI563KZ5YKYRhT3MFKZMbjag=
github.com/go-logr/stdr v1.2.2/go.mod h1:mMo/vtBO5dYbehREoey6XUKy/eSumjCCveDpRre4VKE=
github.com/gofrs/uuid v4.4.0+incompatible h1:3qXRTX8/NbyulANqlc0lchS1gqAVxRgsuW1YrTJupqA=
github.com/gofrs/uuid v4.4.0+incompatible/go.mod h1:b2aQJv3Z4Fp6yNu3cdSllBxTCLRxnplIgP/c0N/04lM=
github.com/golang/protobuf v1.5.4 h1:i7eJL8qZTpSEXOPTxNKhASYpMn+8e5Q6AdndVa1dWek=
github.com/golang/protobuf v1.5.4/go.mod h1:lnTiLA8Wa4RWRcIUkrtSVa5nRhsEGBg48fD6rSs7xps=
github.com/google/go-cmp v0.6.0 h1:ofyhxvXcZhMsU5ulbFiLKl/XBFqE1GSq7atu8tAmTRI=
github.com/google/go-cmp v0.6.0/go.mod h1:17dUlkBOakJ0+DkrSSNjCkIjxS6bF9zb3elmeNGIjoY=
github.com/google/uuid v1.6.0 h1:NIvaJDMOsjHA8n1jAhLSgzrAzy1Hgr+hNrb57e+94F0=
github.com/google/uuid v1.6.0/go.mod h1:TIyPZe4MgqvfeYDBFedMoGGpEw/LqOeaOT+nhxU+yHo=
github.com/gorilla/mux v1.8.1 h1:TuBL49tXwgrFYWhqrNgrUNEY92u81SPhu7sTdzQEiWY=
github.com/gorilla/mux v1.8.1/go.mod h1:AKf9I4AEqPTmMytcMc0KkNouC66V3BtZ4qD5fmWSiMQ=
github.com/grpc-ecosystem/grpc-gateway/v2 v2.25.1 h1:VNqngBF40hVlDloBruUehVYC3ArSgIyScOAyMRqBxRg=
github.com/grpc-ecosystem/grpc-gateway/v2 v2.25.1/go.mod h1:RBRO7fro65R6tjKzYgLAFo0t1QEXY1Dp+i/bvpRiqiQ=
github.com/jackc/fake v0.0.0-20150926172116-812a484cc733 h1:vr3AYkKovP8uR8AvSGGUK1IDqRa5lAAvEkZG1LKaCRc=
github.com/jackc/fake v0.0.0-20150926172116-812a484cc733/go.mod h1:WrMFNQdiFJ80sQsxDoMokWK1W5TQtxBFNpzWTD84ibQ=
github.com/jackc/pgpassfile v1.0.0 h1:/6Hmqy13Ss2zCq62VdNG8tM1wchn8zjSGOBJ6icpsIM=
github.com/jackc/pgpassfile v1.0.0/go.mod h1:CEx0iS5ambNFdcRtxPj5JhEz+xB6uRky5eyVu/W2HEg=
github.com/jackc/pgservicefile v0.0.0-20240606120523-5a60cdf6a761 h1:iCEnooe7UlwOQYpKFhBabPMi4aNAfoODPEFNiAnClxo=
github.com/jackc/pgservicefile v0.0.0-20240606120523-5a60cdf6a761/go.mod h1:5TJZWKEWniPve33vlWYSoGYefn3gLQRzjfDlhSJ9ZKM=
github.com/jackc/pgx v3.6.2+incompatible h1:2zP5OD7kiyR3xzRYMhOcXVvkDZsImVXfj+yIyTQf3/o=
github.com/jackc/pgx v3.6.2+incompatible/go.mod h1:0ZGrqGqkRlliWnWB4zKnWtjbSWbGkVEFm4TeybAXq+I=
github.com/jackc/pgx/v5 v5.7.1 h1:x7SYsPBYDkHDksogeSmZZ5xzThcTgRz++I5E+ePFUcs=
github.com/jackc/pgx/v5 v5.7.1/go.mod h1:e7O26IywZZ+naJtWWos6i6fvWK+29etgITqrqHLfoZA=
github.com/jackc/puddle/v2 v2.2.2 h1:PR8nw+E/1w0GLuRFSmiioY6UooMp6KJv0/61nB7icHo=
github.com/jackc/puddle/v2 v2.2.2/go.mod h1:vriiEXHvEE654aYKXXjOvZM39qJ0q+azkZFrfEOc3H4=
github.com/joho/godotenv v1.5.1 h1:7eLL/+HRGLY0ldzfGMeQkb7vMd0as4CfYvUVzLqw0N0=
github.com/joho/godotenv v1.5.1/go.mod h1:f4LDr5Voq0i2e/R5DDNOoa2zzDfwtkZa6DnEwAbqwq4=
github.com/kelseyhightower/envconfig v1.4.0 h1:Im6hONhd3pLkfDFsbRgu68RDNkGF1r3dvMUtDTo2cv8=
github.com/kelseyhightower/envconfig v1.4.0/go.mod h1:cccZRl6mQpaq41TPp5QxidR+Sa3axMbJDNb//FQX6Gg=
github.com/kr/pretty v0.3.1 h1:flRD4NNwYAUpkphVc1HcthR4KEIFJ65n8Mw5qdRn3LE=
github.com/kr/pretty v0.3.1/go.mod h1:hoEshYVHaxMs3cyo3Yncou5ZscifuDolrwPKZanG3xk=
github.com/kr/text v0.2.0 h1:5Nx0Ya0ZqY2ygV366QzturHI13Jq95ApcVaJBhpS+AY=
github.com/kr/text v0.2.0/go.mod h1:eLer722TekiGuMkidMxC/pM04lWEeraHUUmBw8l2grE=
github.com/lib/pq v1.10.9 h1:YXG7RB+JIjhP29X+OtkiDnYaXQwpS4JEWq7dtCCRUEw=
github.com/lib/pq v1.10.9/go.mod h1:AlVN5x4E4T544tWzH6hKfbfQvm3HdbOxrmggDNAPY9o=
github.com/pkg/errors v0.9.1 h1:FEBLx1zS214owpjy7qsBeixbURkuhQAwrK5UwLGTwt4=
github.com/pkg/errors v0.9.1/go.mod h1:bwawxfHBFNV+L2hUp1rHADufV3IMtnDRdf1r5NINEl0=
github.com/pmezard/go-difflib v1.0.0 h1:4DBwDE0NGyQoBHbLQYPwSUPoCMWR5BEzIk/f1lZbAQM=
github.com/pmezard/go-difflib v1.0.0/go.mod h1:iKH77koFhYxTK1pcRnkKkqfTogsbg7gZNVY4sRDYZ/4=
github.com/rogpeppe/go-internal v1.13.1 h1:KvO1DLK/DRN07sQ1LQKScxyZJuNnedQ5/wKSR38lUII=
github.com/rogpeppe/go-internal v1.13.1/go.mod h1:uMEvuHeurkdAXX61udpOXGD/AzZDWNMNyH2VO9fmH0o=
github.com/shopspring/decimal v1.4.0 h1:bxl37RwXBklmTi0C79JfXCEBD1cqqHt0bbgBAGFp81k=
github.com/shopspring/decimal v1.4.0/go.mod h1:gawqmDU56v4yIKSwfBSFip1HdCCXN8/+DMd9qYNcwME=
github.com/stretchr/objx v0.1.0/go.mod h1:HFkY916IF+rwdDfMAkV7OtwuqBVzrE8GR6GFx+wExME=
github.com/stretchr/testify v1.3.0/go.mod h1:M5WIy9Dh21IEIfnGCwXGc5bZfKNJtfHm1UVUgZn+9EI=
github.com/stretchr/testify v1.7.0/go.mod h1:6Fq8oRcR53rry900zMqJjRRixrwX3KX962/h/Wwjteg=
github.com/stretchr/testify v1.10.0 h1:Xv5erBjTwe/5IxqUQTdXv5kgmIvbHo3QQyRwhJsOfJA=
github.com/stretchr/testify v1.10.0/go.mod h1:r2ic/lqez/lEtzL7wO/rwa5dbSLXVDPFyf8C91i36aY=
github.com/uptrace/opentelemetry-go-extra/otelplay v0.3.2 h1:8v5AlVMxqPJCS2VNreeumyJcYuBSD8ybQK5ggqVzE+s=
github.com/uptrace/opentelemetry-go-extra/otelplay v0.3.2/go.mod h1:0sLZRhw6YmnCXo18HtHH6tYavOpm1ocNe7YzgpI5lpE=
github.com/uptrace/uptrace-go v1.30.1 h1:9Bb3bIfPZ9LmtwAbKpN7+nX8iVwx+LmVe/CuiljFqxc=
github.com/uptrace/uptrace-go v1.30.1/go.mod h1:Sy6C30poEuG7ecG4Rcy4cBrC/jw8qJGHonXO3bXS5aQ=
go.opentelemetry.io/auto/sdk v1.1.0 h1:cH53jehLUN6UFLY71z+NDOiNJqDdPRaXzTel0sJySYA=
go.opentelemetry.io/auto/sdk v1.1.0/go.mod h1:3wSPjt5PWp2RhlCcmmOial7AvC4DQqZb7a7wCow3W8A=
go.opentelemetry.io/contrib/bridges/otelzap v0.8.0 h1:4jqXEd0FGULFBy1bF1ledBePc0Ssu8YVddTgr8BXDTc=
go.opentelemetry.io/contrib/bridges/otelzap v0.8.0/go.mod h1:nrDogEQCtEOQ4jAiN4uHIE0BqicDF9bMyepgK1pIbP4=
go.opentelemetry.io/contrib/instrumentation/github.com/gorilla/mux/otelmux v0.58.0 h1:2FsX0gnVQ86Oxl6+/upUEEEzp6zxCrdW6Vinn2AHf4c=
go.opentelemetry.io/contrib/instrumentation/github.com/gorilla/mux/otelmux v0.58.0/go.mod h1:K2ZKy/OSebEHjXeym30VZUclNfVpJTkt/DlaP5fQRuw=
go.opentelemetry.io/contrib/instrumentation/runtime v0.55.0 h1:GotCpbh7YkCHdFs+hYMdvAEyGsBZifFognqrOnBwyJM=
go.opentelemetry.io/contrib/instrumentation/runtime v0.55.0/go.mod h1:6b0AS55EEPj7qP44khqF5dqTUq+RkakDMShFaW1EcA4=
go.opentelemetry.io/otel v1.33.0 h1:/FerN9bax5LoK51X/sI0SVYrjSE0/yUL7DpxW4K3FWw=
go.opentelemetry.io/otel v1.33.0/go.mod h1:SUUkR6csvUQl+yjReHu5uM3EtVV7MBm5FHKRlNx4I8I=
go.opentelemetry.io/otel/exporters/otlp/otlplog/otlploggrpc v0.9.0 h1:gA2gh+3B3NDvRFP30Ufh7CC3TtJRbUSf2TTD0LbCagw=
go.opentelemetry.io/otel/exporters/otlp/otlplog/otlploggrpc v0.9.0/go.mod h1:smRTR+02OtrVGjvWE1sQxhuazozKc/BXvvqqnmOxy+s=
go.opentelemetry.io/otel/exporters/otlp/otlplog/otlploghttp v0.9.0 h1:Za0Z/j9Gf3Z9DKQ1choU9xI2noCxlkcyFFP2Ob3miEQ=
go.opentelemetry.io/otel/exporters/otlp/otlplog/otlploghttp v0.9.0/go.mod h1:jMRB8N75meTNjDFQyJBA/2Z9en21CsxwMctn08NHY6c=
go.opentelemetry.io/otel/exporters/otlp/otlpmetric/otlpmetricgrpc v1.33.0 h1:7F29RDmnlqk6B5d+sUqemt8TBfDqxryYW5gX6L74RFA=
go.opentelemetry.io/otel/exporters/otlp/otlpmetric/otlpmetricgrpc v1.33.0/go.mod h1:ZiGDq7xwDMKmWDrN1XsXAj0iC7hns+2DhxBFSncNHSE=
go.opentelemetry.io/otel/exporters/otlp/otlpmetric/otlpmetrichttp v1.33.0 h1:bSjzTvsXZbLSWU8hnZXcKmEVaJjjnandxD0PxThhVU8=
go.opentelemetry.io/otel/exporters/otlp/otlpmetric/otlpmetrichttp v1.33.0/go.mod h1:aj2rilHL8WjXY1I5V+ra+z8FELtk681deydgYT8ikxU=
go.opentelemetry.io/otel/exporters/otlp/otlptrace v1.33.0 h1:Vh5HayB/0HHfOQA7Ctx69E/Y/DcQSMPpKANYVMQ7fBA=
go.opentelemetry.io/otel/exporters/otlp/otlptrace v1.33.0/go.mod h1:cpgtDBaqD/6ok/UG0jT15/uKjAY8mRA53diogHBg3UI=
go.opentelemetry.io/otel/exporters/otlp/otlptrace/otlptracegrpc v1.33.0 h1:5pojmb1U1AogINhN3SurB+zm/nIcusopeBNp42f45QM=
go.opentelemetry.io/otel/exporters/otlp/otlptrace/otlptracegrpc v1.33.0/go.mod h1:57gTHJSE5S1tqg+EKsLPlTWhpHMsWlVmer+LA926XiA=
go.opentelemetry.io/otel/exporters/otlp/otlptrace/otlptracehttp v1.33.0 h1:wpMfgF8E1rkrT1Z6meFh1NDtownE9Ii3n3X2GJYjsaU=
go.opentelemetry.io/otel/exporters/otlp/otlptrace/otlptracehttp v1.33.0/go.mod h1:wAy0T/dUbs468uOlkT31xjvqQgEVXv58BRFWEgn5v/0=
go.opentelemetry.io/otel/exporters/stdout/stdoutlog v0.9.0 h1:iI15wfQb5ZtAVTdS5WROxpYmw6Kjez3hT9SuzXhrgGQ=
go.opentelemetry.io/otel/exporters/stdout/stdoutlog v0.9.0/go.mod h1:yepwlNzVVxHWR5ugHIrll+euPQPq4pvysHTDr/daV9o=
go.opentelemetry.io/otel/exporters/stdout/stdoutmetric v1.33.0 h1:FiOTYABOX4tdzi8A0+mtzcsTmi6WBOxk66u0f1Mj9Gs=
go.opentelemetry.io/otel/exporters/stdout/stdoutmetric v1.33.0/go.mod h1:xyo5rS8DgzV0Jtsht+LCEMwyiDbjpsxBpWETwFRF0/4=
go.opentelemetry.io/otel/exporters/stdout/stdouttrace v1.33.0 h1:W5AWUn/IVe8RFb5pZx1Uh9Laf/4+Qmm4kJL5zPuvR+0=
go.opentelemetry.io/otel/exporters/stdout/stdouttrace v1.33.0/go.mod h1:mzKxJywMNBdEX8TSJais3NnsVZUaJ+bAy6UxPTng2vk=
go.opentelemetry.io/otel/log v0.9.0 h1:0OiWRefqJ2QszpCiqwGO0u9ajMPe17q6IscQvvp3czY=
go.opentelemetry.io/otel/log v0.9.0/go.mod h1:WPP4OJ+RBkQ416jrFCQFuFKtXKD6mOoYCQm6ykK8VaU=
go.opentelemetry.io/otel/metric v1.33.0 h1:r+JOocAyeRVXD8lZpjdQjzMadVZp2M4WmQ+5WtEnklQ=
go.opentelemetry.io/otel/metric v1.33.0/go.mod h1:L9+Fyctbp6HFTddIxClbQkjtubW6O9QS3Ann/M82u6M=
go.opentelemetry.io/otel/sdk v1.33.0 h1:iax7M131HuAm9QkZotNHEfstof92xM+N8sr3uHXc2IM=
go.opentelemetry.io/otel/sdk v1.33.0/go.mod h1:A1Q5oi7/9XaMlIWzPSxLRWOI8nG3FnzHJNbiENQuihM=
go.opentelemetry.io/otel/sdk/log v0.9.0 h1:YPCi6W1Eg0vwT/XJWsv2/PaQ2nyAJYuF7UUjQSBe3bc=
go.opentelemetry.io/otel/sdk/log v0.9.0/go.mod h1:y0HdrOz7OkXQBuc2yjiqnEHc+CRKeVhRE3hx4RwTmV4=
go.opentelemetry.io/otel/sdk/metric v1.33.0 h1:Gs5VK9/WUJhNXZgn8MR6ITatvAmKeIuCtNbsP3JkNqU=
go.opentelemetry.io/otel/sdk/metric v1.33.0/go.mod h1:dL5ykHZmm1B1nVRk9dDjChwDmt81MjVp3gLkQRwKf/Q=
go.opentelemetry.io/otel/trace v1.33.0 h1:cCJuF7LRjUFso9LPnEAHJDB2pqzp+hbO8eu1qqW2d/s=
go.opentelemetry.io/otel/trace v1.33.0/go.mod h1:uIcdVUZMpTAmz0tI1z04GoVSezK37CbGV4fr1f2nBck=
go.opentelemetry.io/proto/otlp v1.4.0 h1:TA9WRvW6zMwP+Ssb6fLoUIuirti1gGbP28GcKG1jgeg=
go.opentelemetry.io/proto/otlp v1.4.0/go.mod h1:PPBWZIP98o2ElSqI35IHfu7hIhSwvc5N38Jw8pXuGFY=
go.uber.org/goleak v1.3.0 h1:2K3zAYmnTNqV73imy9J1T3WC+gmCePx2hEGkimedGto=
go.uber.org/goleak v1.3.0/go.mod h1:CoHD4mav9JJNrW/WLlf7HGZPjdw8EucARQHekz1X6bE=
go.uber.org/mock v0.5.0 h1:KAMbZvZPyBPWgD14IrIQ38QCyjwpvVVV6K/bHl1IwQU=
go.uber.org/mock v0.5.0/go.mod h1:ge71pBPLYDk7QIi1LupWxdAykm7KIEFchiOqd6z7qMM=
go.uber.org/multierr v1.11.0 h1:blXXJkSxSSfBVBlC76pxqeO+LN3aDfLQo+309xJstO0=
go.uber.org/multierr v1.11.0/go.mod h1:20+QtiLqy0Nd6FdQB9TLXag12DsQkrbs3htMFfDN80Y=
go.uber.org/zap v1.27.0 h1:aJMhYGrd5QSmlpLMr2MftRKl7t8J8PTZPA732ud/XR8=
go.uber.org/zap v1.27.0/go.mod h1:GB2qFLM7cTU87MWRP2mPIjqfIDnGu+VIO4V/SdhGo2E=
golang.org/x/crypto v0.31.0 h1:ihbySMvVjLAeSH1IbfcRTkD/iNscyz8rGzjF/E5hV6U=
golang.org/x/crypto v0.31.0/go.mod h1:kDsLvtWBEx7MV9tJOj9bnXsPbxwJQ6csT/x4KIN4Ssk=
golang.org/x/net v0.33.0 h1:74SYHlV8BIgHIFC/LrYkOGIwL19eTYXQ5wc6TBuO36I=
golang.org/x/net v0.33.0/go.mod h1:HXLR5J+9DxmrqMwG9qjGCxZ+zKXxBru04zlTvWlWuN4=
golang.org/x/sync v0.10.0 h1:3NQrjDixjgGwUOCaF8w2+VYHv0Ve/vGYSbdkTa98gmQ=
golang.org/x/sync v0.10.0/go.mod h1:Czt+wKu1gCyEFDUtn0jG5QVvpJ6rzVqr5aXyt9drQfk=
golang.org/x/sys v0.28.0 h1:Fksou7UEQUWlKvIdsqzJmUmCX3cZuD2+P3XyyzwMhlA=
golang.org/x/sys v0.28.0/go.mod h1:/VUhepiaJMQUp4+oa/7Zr1D23ma6VTLIYjOOTFZPUcA=
golang.org/x/text v0.21.0 h1:zyQAAkrwaneQ066sspRyJaG9VNi/YJ1NfzcGB3hZ/qo=
golang.org/x/text v0.21.0/go.mod h1:4IBbMaMmOPCJ8SecivzSH54+73PCFmPWxNTLm+vZkEQ=
google.golang.org/genproto/googleapis/api v0.0.0-20241219192143-6b3ec007d9bb h1:B7GIB7sr443wZ/EAEl7VZjmh1V6qzkt5V+RYcUYtS1U=
google.golang.org/genproto/googleapis/api v0.0.0-20241219192143-6b3ec007d9bb/go.mod h1:E5//3O5ZIG2l71Xnt+P/CYUY8Bxs8E7WMoZ9tlcMbAY=
google.golang.org/genproto/googleapis/rpc v0.0.0-20241219192143-6b3ec007d9bb h1:3oy2tynMOP1QbTC0MsNNAV+Se8M2Bd0A5+x1QHyw+pI=
google.golang.org/genproto/googleapis/rpc v0.0.0-20241219192143-6b3ec007d9bb/go.mod h1:lcTa1sDdWEIHMWlITnIczmw5w60CF9ffkb8Z+DVmmjA=
google.golang.org/grpc v1.69.2 h1:U3S9QEtbXC0bYNvRtcoklF3xGtLViumSYxWykJS+7AU=
google.golang.org/grpc v1.69.2/go.mod h1:vyjdE6jLBI76dgpDojsFGNaHlxdjXN9ghpnd2o7JGZ4=
google.golang.org/grpc/cmd/protoc-gen-go-grpc v1.5.1 h1:F29+wU6Ee6qgu9TddPgooOdaqsxTMunOoj8KA5yuS5A=
google.golang.org/grpc/cmd/protoc-gen-go-grpc v1.5.1/go.mod h1:5KF+wpkbTSbGcR9zteSqZV6fqFOWBl4Yde8En8MryZA=
google.golang.org/protobuf v1.36.0 h1:mjIs9gYtt56AzC4ZaffQuh88TZurBGhIJMBZGSxNerQ=
google.golang.org/protobuf v1.36.0/go.mod h1:9fA7Ob0pmnwhb644+1+CVWFRbNajQ6iRojtC/QF5bRE=
gopkg.in/check.v1 v0.0.0-20161208181325-20d25e280405/go.mod h1:Co6ibVJAznAaIkqp8huTwlJQCZ016jof/cbN4VW5Yz0=
gopkg.in/check.v1 v1.0.0-20201130134442-10cb98267c6c h1:Hei/4ADfdWqJk1ZMxUNpqntNwaWcugrBjAiHlqqRiVk=
gopkg.in/check.v1 v1.0.0-20201130134442-10cb98267c6c/go.mod h1:JHkPIbrfpd72SG/EVd6muEfDQjcINNoR0C8j2r3qZ4Q=
gopkg.in/yaml.v3 v3.0.0-20200313102051-9f266ea9e77c/go.mod h1:K4uyk7z7BCEPqu6E+C64Yfv1cQ7kz7rIZviUmN+EgEM=
gopkg.in/yaml.v3 v3.0.1 h1:fxVm/GzAzEWqLHuvctI91KS9hhNmmWOoWu0XTYJS7CA=
gopkg.in/yaml.v3 v3.0.1/go.mod h1:K4uyk7z7BCEPqu6E+C64Yfv1cQ7kz7rIZviUmN+EgEM=
